
Microsoft Visual Studio Solution File, Format Version 12.00
# Visual Studio Version 17
VisualStudioVersion = 17.3.32825.248
MinimumVisualStudioVersion = 10.0.40219.1
Project("{FAE04EC0-301F-11D3-BF4B-00C04F79EFBC}") = "ConnectFour", "ConnectFour\ConnectFour.csproj", "{52DABE54-DFFC-4D12-AF8A-513C78A30306}"
EndProject
Global
	GlobalSection(SolutionConfigurationPlatforms) = preSolution
		Debug|Any CPU = Debug|Any CPU
		Release|Any CPU = Release|Any CPU
	EndGlobalSection
	GlobalSection(ProjectConfigurationPlatforms) = postSolution
		{52DABE54-DFFC-4D12-AF8A-513C78A30306}.Debug|Any CPU.ActiveCfg = Debug|Any CPU
		{52DABE54-DFFC-4D12-AF8A-513C78A30306}.Debug|Any CPU.Build.0 = Debug|Any CPU
		{52DABE54-DFFC-4D12-AF8A-513C78A30306}.Release|Any CPU.ActiveCfg = Release|Any CPU
		{52DABE54-DFFC-4D12-AF8A-513C78A30306}.Release|Any CPU.Build.0 = Release|Any CPU
	EndGlobalSection
	GlobalSection(SolutionProperties) = preSolution
		HideSolutionNode = FALSE
	EndGlobalSection
	GlobalSection(ExtensibilityGlobals) = postSolution
		SolutionGuid = {97BF6D8B-9F41-4EB5-A7F6-3A98F4B89ADF}
	EndGlobalSection
EndGlobal
